Microsoft Visual Studio Solution File, Format Version 12.00
# Visual Studio Version 17
VisualStudioVersion = 17.5.2.0
MinimumVisualStudioVersion = 10.0.40219.1
Project("{FAE04EC0-301F-11D3-BF4B-00C04F79EFBC}") = "ProlabWeb", "ProlabWeb\ProlabWeb.csproj", "{203B28CD-DD5E-2A4D-0D24-DCD2F505D9F8}"
EndProject
Project("{2150E333-8FDC-42A3-9474-1A3956D46DE8}") = "SolutionItems", "SolutionItems", "{02EA681E-C7D8-13C7-8484-4AC65E1B71E8}"
	ProjectSection(SolutionItems) = preProject
		Scaffolding.txt = Scaffolding.txt
	EndProjectSection
EndProject
Project("{FAE04EC0-301F-11D3-BF4B-00C04F79EFBC}") = "ProlabWeb.Api", "ProlabWeb.Api\ProlabWeb.Api.csproj", "{47038448-1906-9B05-1AE0-9D16ECDA5F5D}"
EndProject
Global
	GlobalSection(SolutionConfigurationPlatforms) = preSolution
		Debug|Any CPU = Debug|Any CPU
		Release|Any CPU = Release|Any CPU
	EndGlobalSection
	GlobalSection(ProjectConfigurationPlatforms) = postSolution
		{203B28CD-DD5E-2A4D-0D24-DCD2F505D9F8}.Debug|Any CPU.ActiveCfg = Debug|Any CPU
		{203B28CD-DD5E-2A4D-0D24-DCD2F505D9F8}.Debug|Any CPU.Build.0 = Debug|Any CPU
		{203B28CD-DD5E-2A4D-0D24-DCD2F505D9F8}.Release|Any CPU.ActiveCfg = Release|Any CPU
		{203B28CD-DD5E-2A4D-0D24-DCD2F505D9F8}.Release|Any CPU.Build.0 = Release|Any CPU
		{47038448-1906-9B05-1AE0-9D16ECDA5F5D}.Debug|Any CPU.ActiveCfg = Debug|Any CPU
		{47038448-1906-9B05-1AE0-9D16ECDA5F5D}.Debug|Any CPU.Build.0 = Debug|Any CPU
		{47038448-1906-9B05-1AE0-9D16ECDA5F5D}.Release|Any CPU.ActiveCfg = Release|Any CPU
		{47038448-1906-9B05-1AE0-9D16ECDA5F5D}.Release|Any CPU.Build.0 = Release|Any CPU
	EndGlobalSection
	GlobalSection(SolutionProperties) = preSolution
		HideSolutionNode = FALSE
	EndGlobalSection
	GlobalSection(ExtensibilityGlobals) = postSolution
		SolutionGuid = {C5C95720-D146-4094-92E4-0D77F8FB289B}
	EndGlobalSection
EndGlobal
