Microsoft Visual Studio Solution File, Format Version 12.00
# Visual Studio Version 17
VisualStudioVersion = 17.5.2.0
MinimumVisualStudioVersion = 10.0.40219.1
Project("{FAE04EC0-301F-11D3-BF4B-00C04F79EFBC}") = "ProlabWeb.Api", "ProlabWeb.Api.csproj", "{4CAFAD02-F377-5204-60AF-CF7F9166C49C}"
EndProject
Global
	GlobalSection(SolutionConfigurationPlatforms) = preSolution
		Debug|Any CPU = Debug|Any CPU
		Release|Any CPU = Release|Any CPU
	EndGlobalSection
	GlobalSection(ProjectConfigurationPlatforms) = postSolution
		{4CAFAD02-F377-5204-60AF-CF7F9166C49C}.Debug|Any CPU.ActiveCfg = Debug|Any CPU
		{4CAFAD02-F377-5204-60AF-CF7F9166C49C}.Debug|Any CPU.Build.0 = Debug|Any CPU
		{4CAFAD02-F377-5204-60AF-CF7F9166C49C}.Release|Any CPU.ActiveCfg = Release|Any CPU
		{4CAFAD02-F377-5204-60AF-CF7F9166C49C}.Release|Any CPU.Build.0 = Release|Any CPU
	EndGlobalSection
	GlobalSection(SolutionProperties) = preSolution
		HideSolutionNode = FALSE
	EndGlobalSection
	GlobalSection(ExtensibilityGlobals) = postSolution
		SolutionGuid = {196AC269-B6C7-437B-96CD-89A9893A2C9B}
	EndGlobalSection
EndGlobal
